# THIS IS AN AUTOGENERATED FILE. DO NOT EDIT THIS FILE DIRECTLY.
# yarn lockfile v1
babylon@^6.15.0:
  version "6.16.1"
  resolved "https://registry.yarnpkg.com/babylon/-/babylon-6.16.1.tgz#30c5a22f481978a9e7f8cdfdf496b11d94b404d3"

bignumber.js:
  version "4.0.0"
  resolved "https://registry.yarnpkg.com/bignumber.js/-/bignumber.js-4.0.0.tgz#26b23a3240820fb6b875f07de822004c7d34b682"

flow-bin:
  version "0.43.1"
  resolved "https://registry.yarnpkg.com/flow-bin/-/flow-bin-0.43.1.tgz#0733958b448fb8ad4b1576add7e87c31794c81bc"

flow-remove-types:
  version "1.2.0"
  resolved "https://registry.yarnpkg.com/flow-remove-types/-/flow-remove-types-1.2.0.tgz#c285516eabba72177a1b10bfb58f6ffb675a8877"
  dependencies:
    babylon "^6.15.0"
    vlq "^0.2.1"

lodash:
  version "4.17.4"
  resolved "https://registry.yarnpkg.com/lodash/-/lodash-4.17.4.tgz#78203a4d1c328ae1d86dca6460e369b57f4055ae"

ramda:
  version "0.23.0"
  resolved "https://registry.yarnpkg.com/ramda/-/ramda-0.23.0.tgz#ccd13fff73497a93974e3e86327bfd87bd6e8e2b"

vlq@^0.2.1:
  version "0.2.1"
  resolved "https://registry.yarnpkg.com/vlq/-/vlq-0.2.1.tgz#14439d711891e682535467f8587c5630e4222a6c"

